
Microsoft Visual Studio Solution File, Format Version 12.00
# Visual Studio Version 17
VisualStudioVersion = 17.0.31903.59
MinimumVisualStudioVersion = 10.0.40219.1
Project("{2150E333-8FDC-42A3-9474-1A3956D46DE8}") = "Core", "Core", "{FBF56CC3-7AE6-AD2D-3F14-7F97FD322CD6}"
EndProject
Project("{FAE04EC0-301F-11D3-BF4B-00C04F79EFBC}") = "FeatherQuest.Core", "Core\FeatherQuest.Core.csproj", "{CC3282AE-75D8-4440-989B-6ACCDC2B4D0C}"
EndProject
Project("{2150E333-8FDC-42A3-9474-1A3956D46DE8}") = "GodotClient", "GodotClient", "{60EDBAC4-EB15-58E6-A260-9F7DAD28424F}"
EndProject
Project("{FAE04EC0-301F-11D3-BF4B-00C04F79EFBC}") = "FeatherQuest.Godot", "GodotClient\FeatherQuest.Godot.csproj", "{B231512D-77AF-4614-9785-59E82B59A3C1}"
EndProject
Project("{2150E333-8FDC-42A3-9474-1A3956D46DE8}") = "Tests", "Tests", "{0AB3BF05-4346-4AA6-1389-037BE0695223}"
EndProject
Project("{FAE04EC0-301F-11D3-BF4B-00C04F79EFBC}") = "FeatherQuest.Tests", "Tests\FeatherQuest.Tests.csproj", "{B05383CE-2A27-47A4-BFBB-6B83E902D570}"
EndProject
Global
	GlobalSection(SolutionConfigurationPlatforms) = preSolution
		Debug|Any CPU = Debug|Any CPU
		Debug|x64 = Debug|x64
		Debug|x86 = Debug|x86
		Release|Any CPU = Release|Any CPU
		Release|x64 = Release|x64
		Release|x86 = Release|x86
	EndGlobalSection
	GlobalSection(ProjectConfigurationPlatforms) = postSolution
		{CC3282AE-75D8-4440-989B-6ACCDC2B4D0C}.Debug|Any CPU.ActiveCfg = Debug|Any CPU
		{CC3282AE-75D8-4440-989B-6ACCDC2B4D0C}.Debug|Any CPU.Build.0 = Debug|Any CPU
		{CC3282AE-75D8-4440-989B-6ACCDC2B4D0C}.Debug|x64.ActiveCfg = Debug|Any CPU
		{CC3282AE-75D8-4440-989B-6ACCDC2B4D0C}.Debug|x64.Build.0 = Debug|Any CPU
		{CC3282AE-75D8-4440-989B-6ACCDC2B4D0C}.Debug|x86.ActiveCfg = Debug|Any CPU
		{CC3282AE-75D8-4440-989B-6ACCDC2B4D0C}.Debug|x86.Build.0 = Debug|Any CPU
		{CC3282AE-75D8-4440-989B-6ACCDC2B4D0C}.Release|Any CPU.ActiveCfg = Release|Any CPU
		{CC3282AE-75D8-4440-989B-6ACCDC2B4D0C}.Release|Any CPU.Build.0 = Release|Any CPU
		{CC3282AE-75D8-4440-989B-6ACCDC2B4D0C}.Release|x64.ActiveCfg = Release|Any CPU
		{CC3282AE-75D8-4440-989B-6ACCDC2B4D0C}.Release|x64.Build.0 = Release|Any CPU
		{CC3282AE-75D8-4440-989B-6ACCDC2B4D0C}.Release|x86.ActiveCfg = Release|Any CPU
		{CC3282AE-75D8-4440-989B-6ACCDC2B4D0C}.Release|x86.Build.0 = Release|Any CPU
		{B231512D-77AF-4614-9785-59E82B59A3C1}.Debug|Any CPU.ActiveCfg = Debug|Any CPU
		{B231512D-77AF-4614-9785-59E82B59A3C1}.Debug|Any CPU.Build.0 = Debug|Any CPU
		{B231512D-77AF-4614-9785-59E82B59A3C1}.Debug|x64.ActiveCfg = Debug|Any CPU
		{B231512D-77AF-4614-9785-59E82B59A3C1}.Debug|x64.Build.0 = Debug|Any CPU
		{B231512D-77AF-4614-9785-59E82B59A3C1}.Debug|x86.ActiveCfg = Debug|Any CPU
		{B231512D-77AF-4614-9785-59E82B59A3C1}.Debug|x86.Build.0 = Debug|Any CPU
		{B231512D-77AF-4614-9785-59E82B59A3C1}.Release|Any CPU.ActiveCfg = Release|Any CPU
		{B231512D-77AF-4614-9785-59E82B59A3C1}.Release|Any CPU.Build.0 = Release|Any CPU
		{B231512D-77AF-4614-9785-59E82B59A3C1}.Release|x64.ActiveCfg = Release|Any CPU
		{B231512D-77AF-4614-9785-59E82B59A3C1}.Release|x64.Build.0 = Release|Any CPU
		{B231512D-77AF-4614-9785-59E82B59A3C1}.Release|x86.ActiveCfg = Release|Any CPU
		{B231512D-77AF-4614-9785-59E82B59A3C1}.Release|x86.Build.0 = Release|Any CPU
		{B05383CE-2A27-47A4-BFBB-6B83E902D570}.Debug|Any CPU.ActiveCfg = Debug|Any CPU
		{B05383CE-2A27-47A4-BFBB-6B83E902D570}.Debug|Any CPU.Build.0 = Debug|Any CPU
		{B05383CE-2A27-47A4-BFBB-6B83E902D570}.Debug|x64.ActiveCfg = Debug|Any CPU
		{B05383CE-2A27-47A4-BFBB-6B83E902D570}.Debug|x64.Build.0 = Debug|Any CPU
		{B05383CE-2A27-47A4-BFBB-6B83E902D570}.Debug|x86.ActiveCfg = Debug|Any CPU
		{B05383CE-2A27-47A4-BFBB-6B83E902D570}.Debug|x86.Build.0 = Debug|Any CPU
		{B05383CE-2A27-47A4-BFBB-6B83E902D570}.Release|Any CPU.ActiveCfg = Release|Any CPU
		{B05383CE-2A27-47A4-BFBB-6B83E902D570}.Release|Any CPU.Build.0 = Release|Any CPU
		{B05383CE-2A27-47A4-BFBB-6B83E902D570}.Release|x64.ActiveCfg = Release|Any CPU
		{B05383CE-2A27-47A4-BFBB-6B83E902D570}.Release|x64.Build.0 = Release|Any CPU
		{B05383CE-2A27-47A4-BFBB-6B83E902D570}.Release|x86.ActiveCfg = Release|Any CPU
		{B05383CE-2A27-47A4-BFBB-6B83E902D570}.Release|x86.Build.0 = Release|Any CPU
	EndGlobalSection
	GlobalSection(SolutionProperties) = preSolution
		HideSolutionNode = FALSE
	EndGlobalSection
	GlobalSection(NestedProjects) = preSolution
		{CC3282AE-75D8-4440-989B-6ACCDC2B4D0C} = {FBF56CC3-7AE6-AD2D-3F14-7F97FD322CD6}
		{B231512D-77AF-4614-9785-59E82B59A3C1} = {60EDBAC4-EB15-58E6-A260-9F7DAD28424F}
		{B05383CE-2A27-47A4-BFBB-6B83E902D570} = {0AB3BF05-4346-4AA6-1389-037BE0695223}
	EndGlobalSection
EndGlobal
